
Microsoft Visual Studio Solution File, Format Version 12.00
# Visual Studio 15
VisualStudioVersion = 15.0.26403.7
MinimumVisualStudioVersion = 10.0.40219.1
Project("{FAE04EC0-301F-11D3-BF4B-00C04F79EFBC}") = "70322_Yushkevich", "70322_Yushkevich\70322_Yushkevich.csproj", "{3521AD21-8C23-482D-A6F2-79F1A93EFCAB}"
EndProject
Project("{FAE04EC0-301F-11D3-BF4B-00C04F79EFBC}") = "70322_Yushkevich.Tests", "70322_Yushkevich.Tests\70322_Yushkevich.Tests.csproj", "{ECC9EDD8-2112-422A-BD34-583971626C82}"
EndProject
Project("{FAE04EC0-301F-11D3-BF4B-00C04F79EFBC}") = "70322_Yushkevich.DAL", "70322_Yushkevich.DAL\70322_Yushkevich.DAL.csproj", "{5B276B88-81E3-4069-A993-40691C2DFE12}"
EndProject
Global
	GlobalSection(SolutionConfigurationPlatforms) = preSolution
		Debug|Any CPU = Debug|Any CPU
		Release|Any CPU = Release|Any CPU
	EndGlobalSection
	GlobalSection(ProjectConfigurationPlatforms) = postSolution
		{3521AD21-8C23-482D-A6F2-79F1A93EFCAB}.Debug|Any CPU.ActiveCfg = Debug|Any CPU
		{3521AD21-8C23-482D-A6F2-79F1A93EFCAB}.Debug|Any CPU.Build.0 = Debug|Any CPU
		{3521AD21-8C23-482D-A6F2-79F1A93EFCAB}.Release|Any CPU.ActiveCfg = Release|Any CPU
		{3521AD21-8C23-482D-A6F2-79F1A93EFCAB}.Release|Any CPU.Build.0 = Release|Any CPU
		{ECC9EDD8-2112-422A-BD34-583971626C82}.Debug|Any CPU.ActiveCfg = Debug|Any CPU
		{ECC9EDD8-2112-422A-BD34-583971626C82}.Debug|Any CPU.Build.0 = Debug|Any CPU
		{ECC9EDD8-2112-422A-BD34-583971626C82}.Release|Any CPU.ActiveCfg = Release|Any CPU
		{ECC9EDD8-2112-422A-BD34-583971626C82}.Release|Any CPU.Build.0 = Release|Any CPU
		{5B276B88-81E3-4069-A993-40691C2DFE12}.Debug|Any CPU.ActiveCfg = Debug|Any CPU
		{5B276B88-81E3-4069-A993-40691C2DFE12}.Debug|Any CPU.Build.0 = Debug|Any CPU
		{5B276B88-81E3-4069-A993-40691C2DFE12}.Release|Any CPU.ActiveCfg = Release|Any CPU
		{5B276B88-81E3-4069-A993-40691C2DFE12}.Release|Any CPU.Build.0 = Release|Any CPU
	EndGlobalSection
	GlobalSection(SolutionProperties) = preSolution
		HideSolutionNode = FALSE
	EndGlobalSection
	GlobalSection(ExtensibilityGlobals) = postSolution
		SolutionGuid = {380D96AD-A0BC-49EB-87C2-3C1401B1F04A}
	EndGlobalSection
EndGlobal
